
Microsoft Visual Studio Solution File, Format Version 12.00
# Visual Studio Version 17
VisualStudioVersion = 17.13.35825.156
MinimumVisualStudioVersion = 10.0.40219.1
Project("{FAE04EC0-301F-11D3-BF4B-00C04F79EFBC}") = "SoftLudoAPI", "SoftLudoAPI\SoftLudoAPI.csproj", "{2912B1DA-8553-4071-BE72-48FB7498EB58}"
EndProject
Project("{FAE04EC0-301F-11D3-BF4B-00C04F79EFBC}") = "LudoModels", "LudoModels\LudoModels.csproj", "{079EE6C1-FC24-4F3D-97DA-733A5BAB82C4}"
EndProject
Project("{FAE04EC0-301F-11D3-BF4B-00C04F79EFBC}") = "LudoTests", "LudoTests\LudoTests.csproj", "{2C7F70B5-12CF-4363-9EAD-CA9F4F46C83D}"
EndProject
Project("{FAE04EC0-301F-11D3-BF4B-00C04F79EFBC}") = "LudoRegnroll", "LudoRegnroll\LudoRegnroll.csproj", "{8D817EA2-B2DB-4BFF-8D3E-E7F8C72C2305}"
EndProject
Global
	GlobalSection(SolutionConfigurationPlatforms) = preSolution
		Debug|Any CPU = Debug|Any CPU
		Release|Any CPU = Release|Any CPU
	EndGlobalSection
	GlobalSection(ProjectConfigurationPlatforms) = postSolution
		{2912B1DA-8553-4071-BE72-48FB7498EB58}.Debug|Any CPU.ActiveCfg = Debug|Any CPU
		{2912B1DA-8553-4071-BE72-48FB7498EB58}.Debug|Any CPU.Build.0 = Debug|Any CPU
		{2912B1DA-8553-4071-BE72-48FB7498EB58}.Release|Any CPU.ActiveCfg = Release|Any CPU
		{2912B1DA-8553-4071-BE72-48FB7498EB58}.Release|Any CPU.Build.0 = Release|Any CPU
		{079EE6C1-FC24-4F3D-97DA-733A5BAB82C4}.Debug|Any CPU.ActiveCfg = Debug|Any CPU
		{079EE6C1-FC24-4F3D-97DA-733A5BAB82C4}.Debug|Any CPU.Build.0 = Debug|Any CPU
		{079EE6C1-FC24-4F3D-97DA-733A5BAB82C4}.Release|Any CPU.ActiveCfg = Release|Any CPU
		{079EE6C1-FC24-4F3D-97DA-733A5BAB82C4}.Release|Any CPU.Build.0 = Release|Any CPU
		{2C7F70B5-12CF-4363-9EAD-CA9F4F46C83D}.Debug|Any CPU.ActiveCfg = Debug|Any CPU
		{2C7F70B5-12CF-4363-9EAD-CA9F4F46C83D}.Debug|Any CPU.Build.0 = Debug|Any CPU
		{2C7F70B5-12CF-4363-9EAD-CA9F4F46C83D}.Release|Any CPU.ActiveCfg = Release|Any CPU
		{2C7F70B5-12CF-4363-9EAD-CA9F4F46C83D}.Release|Any CPU.Build.0 = Release|Any CPU
		{8D817EA2-B2DB-4BFF-8D3E-E7F8C72C2305}.Debug|Any CPU.ActiveCfg = Debug|Any CPU
		{8D817EA2-B2DB-4BFF-8D3E-E7F8C72C2305}.Debug|Any CPU.Build.0 = Debug|Any CPU
		{8D817EA2-B2DB-4BFF-8D3E-E7F8C72C2305}.Release|Any CPU.ActiveCfg = Release|Any CPU
		{8D817EA2-B2DB-4BFF-8D3E-E7F8C72C2305}.Release|Any CPU.Build.0 = Release|Any CPU
	EndGlobalSection
	GlobalSection(SolutionProperties) = preSolution
		HideSolutionNode = FALSE
	EndGlobalSection
	GlobalSection(ExtensibilityGlobals) = postSolution
		SolutionGuid = {8A97F404-D60F-4CAB-93C1-650E07B80F3C}
	EndGlobalSection
EndGlobal
